
Microsoft Visual Studio Solution File, Format Version 12.00
# Visual Studio Version 17
VisualStudioVersion = 17.3.32811.315
MinimumVisualStudioVersion = 10.0.40219.1
Project("{FAE04EC0-301F-11D3-BF4B-00C04F79EFBC}") = "BeDocker", "BeDocker\BeDocker.csproj", "{8FFDBE0D-0A62-4F71-AAFC-1BC3B81128E4}"
EndProject
Global
	GlobalSection(SolutionConfigurationPlatforms) = preSolution
		Debug|Any CPU = Debug|Any CPU
		Release|Any CPU = Release|Any CPU
	EndGlobalSection
	GlobalSection(ProjectConfigurationPlatforms) = postSolution
		{8FFDBE0D-0A62-4F71-AAFC-1BC3B81128E4}.Debug|Any CPU.ActiveCfg = Debug|Any CPU
		{8FFDBE0D-0A62-4F71-AAFC-1BC3B81128E4}.Debug|Any CPU.Build.0 = Debug|Any CPU
		{8FFDBE0D-0A62-4F71-AAFC-1BC3B81128E4}.Release|Any CPU.ActiveCfg = Release|Any CPU
		{8FFDBE0D-0A62-4F71-AAFC-1BC3B81128E4}.Release|Any CPU.Build.0 = Release|Any CPU
	EndGlobalSection
	GlobalSection(SolutionProperties) = preSolution
		HideSolutionNode = FALSE
	EndGlobalSection
	GlobalSection(ExtensibilityGlobals) = postSolution
		SolutionGuid = {45E5E5F2-518F-4DB4-8D6B-25AB92FC4E1F}
	EndGlobalSection
EndGlobal
